
Microsoft Visual Studio Solution File, Format Version 12.00
# Visual Studio Version 17
VisualStudioVersion = 17.6.33717.318
MinimumVisualStudioVersion = 10.0.40219.1
Project("{00D1A9C2-B5F0-4AF3-8072-F6C62B433612}") = "CoronaDashboard.BusinessLogic.Database", "CoronaDashboard.BusinessLogic.Database\CoronaDashboard.BusinessLogic.Database.sqlproj", "{AA9FDB5B-F999-4EE3-B3F8-2EFCF390451C}"
EndProject
Global
	GlobalSection(SolutionConfigurationPlatforms) = preSolution
		Debug|Any CPU = Debug|Any CPU
		Release|Any CPU = Release|Any CPU
	EndGlobalSection
	GlobalSection(ProjectConfigurationPlatforms) = postSolution
		{AA9FDB5B-F999-4EE3-B3F8-2EFCF390451C}.Debug|Any CPU.ActiveCfg = Debug|Any CPU
		{AA9FDB5B-F999-4EE3-B3F8-2EFCF390451C}.Debug|Any CPU.Build.0 = Debug|Any CPU
		{AA9FDB5B-F999-4EE3-B3F8-2EFCF390451C}.Debug|Any CPU.Deploy.0 = Debug|Any CPU
		{AA9FDB5B-F999-4EE3-B3F8-2EFCF390451C}.Release|Any CPU.ActiveCfg = Release|Any CPU
		{AA9FDB5B-F999-4EE3-B3F8-2EFCF390451C}.Release|Any CPU.Build.0 = Release|Any CPU
		{AA9FDB5B-F999-4EE3-B3F8-2EFCF390451C}.Release|Any CPU.Deploy.0 = Release|Any CPU
	EndGlobalSection
	GlobalSection(SolutionProperties) = preSolution
		HideSolutionNode = FALSE
	EndGlobalSection
	GlobalSection(ExtensibilityGlobals) = postSolution
		SolutionGuid = {619AE8CB-B580-46C4-9D25-C87006366880}
	EndGlobalSection
EndGlobal
